// !$*UTF8*$!
{
	archiveVersion = 1;
	classes = {
	};
	objectVersion = 50;
	objects = {

/* Begin PBXBuildFile section */
		F83AF2082097B72C0068A31A /* AppDelegate.swift in Sources */ = {isa = PBXBuildFile; fileRef = F83AF2072097B72C0068A31A /* AppDelegate.swift */; };
		F83AF20A2097B72C0068A31A /* ViewController.swift in Sources */ = {isa = PBXBuildFile; fileRef = F83AF2092097B72C0068A31A /* ViewController.swift */; };
		F83AF20D2097B72D0068A31A /* Main.storyboard in Resources */ = {isa = PBXBuildFile; fileRef = F83AF20B2097B72D0068A31A /* Main.storyboard */; };
		F83AF20F2097B7300068A31A /* Assets.xcassets in Resources */ = {isa = PBXBuildFile; fileRef = F83AF20E2097B7300068A31A /* Assets.xcassets */; };
		F83AF2122097B7300068A31A /* LaunchScreen.storyboard in Resources */ = {isa = PBXBuildFile; fileRef = F83AF2102097B7300068A31A /* LaunchScreen.storyboard */; };
		F83AF21D2097B7310068A31A /* NewNotificationsTests.swift in Sources */ = {isa = PBXBuildFile; fileRef = F83AF21C2097B7310068A31A /* NewNotificationsTests.swift */; };
		F83AF2282097B7310068A31A /* NewNotificationsUITests.swift in Sources */ = {isa = PBXBuildFile; fileRef = F83AF2272097B7310068A31A /* NewNotificationsUITests.swift */; };
/* End PBXBuildFile section */

/* Begin PBXContainerItemProxy section */
		F83AF2192097B7310068A31A /* PBXContainerItemProxy */ = {
			isa = PBXContainerItemProxy;
			containerPortal = F83AF1FC2097B72C0068A31A /* Project object */;
			proxyType = 1;
			remoteGlobalIDString = F83AF2032097B72C0068A31A;
			remoteInfo = NewNotifications;
		};
		F83AF2242097B7310068A31A /* PBXContainerItemProxy */ = {
			isa = PBXContainerItemProxy;
			containerPortal = F83AF1FC2097B72C0068A31A /* Project object */;
			proxyType = 1;
			remoteGlobalIDString = F83AF2032097B72C0068A31A;
			remoteInfo = NewNotifications;
		};
/* End PBXContainerItemProxy section */

/* Begin PBXFileReference section */
		F83AF2042097B72C0068A31A /* NewNotifications.app */ = {isa = PBXFileReference; explicitFileType = wrapper.application; includeInIndex = 0; path = NewNotifications.app; sourceTree = BUILT_PRODUCTS_DIR; };
		F83AF2072097B72C0068A31A /* AppDelegate.swift */ = {isa = PBXFileReference; lastKnownFileType = sourcecode.swift; path = AppDelegate.swift; sourceTree = "<group>"; };
		F83AF2092097B72C0068A31A /* ViewController.swift */ = {isa = PBXFileReference; lastKnownFileType = sourcecode.swift; path = ViewController.swift; sourceTree = "<group>"; };
		F83AF20C2097B72D0068A31A /* Base */ = {isa = PBXFileReference; lastKnownFileType = file.storyboard; name = Base; path = Base.lproj/Main.storyboard; sourceTree = "<group>"; };
		F83AF20E2097B7300068A31A /* Assets.xcassets */ = {isa = PBXFileReference; lastKnownFileType = folder.assetcatalog; path = Assets.xcassets; sourceTree = "<group>"; };
		F83AF2112097B7300068A31A /* Base */ = {isa = PBXFileReference; lastKnownFileType = file.storyboard; name = Base; path = Base.lproj/LaunchScreen.storyboard; sourceTree = "<group>"; };
		F83AF2132097B7300068A31A /* Info.plist */ = {isa = PBXFileReference; lastKnownFileType = text.plist.xml; path = Info.plist; sourceTree = "<group>"; };
		F83AF2182097B7310068A31A /* NewNotificationsTests.xctest */ = {isa = PBXFileReference; explicitFileType = wrapper.cfbundle; includeInIndex = 0; path = NewNotificationsTests.xctest; sourceTree = BUILT_PRODUCTS_DIR; };
		F83AF21C2097B7310068A31A /* NewNotificationsTests.swift */ = {isa = PBXFileReference; lastKnownFileType = sourcecode.swift; path = NewNotificationsTests.swift; sourceTree = "<group>"; };
		F83AF21E2097B7310068A31A /* Info.plist */ = {isa = PBXFileReference; lastKnownFileType = text.plist.xml; path = Info.plist; sourceTree = "<group>"; };
		F83AF2232097B7310068A31A /* NewNotificationsUITests.xctest */ = {isa = PBXFileReference; explicitFileType = wrapper.cfbundle; includeInIndex = 0; path = NewNotificationsUITests.xctest; sourceTree = BUILT_PRODUCTS_DIR; };
		F83AF2272097B7310068A31A /* NewNotificationsUITests.swift */ = {isa = PBXFileReference; lastKnownFileType = sourcecode.swift; path = NewNotificationsUITests.swift; sourceTree = "<group>"; };
		F83AF2292097B7310068A31A /* Info.plist */ = {isa = PBXFileReference; lastKnownFileType = text.plist.xml; path = Info.plist; sourceTree = "<group>"; };
/* End PBXFileReference section */

/* Begin PBXFrameworksBuildPhase section */
		F83AF2012097B72C0068A31A /* Frameworks */ = {
			isa = PBXFrameworksBuildPhase;
			buildActionMask = 2147483647;
			files = (
			);
			runOnlyForDeploymentPostprocessing = 0;
		};
		F83AF2152097B7310068A31A /* Frameworks */ = {
			isa = PBXFrameworksBuildPhase;
			buildActionMask = 2147483647;
			files = (
			);
			runOnlyForDeploymentPostprocessing = 0;
		};
		F83AF2202097B7310068A31A /* Frameworks */ = {
			isa = PBXFrameworksBuildPhase;
			buildActionMask = 2147483647;
			files = (
			);
			runOnlyForDeploymentPostprocessing = 0;
		};
/* End PBXFrameworksBuildPhase section */

/* Begin PBXGroup section */
		F83AF1FB2097B72C0068A31A = {
			isa = PBXGroup;
			children = (
				F83AF2062097B72C0068A31A /* NewNotifications */,
				F83AF21B2097B7310068A31A /* NewNotificationsTests */,
				F83AF2262097B7310068A31A /* NewNotificationsUITests */,
				F83AF2052097B72C0068A31A /* Products */,
			);
			sourceTree = "<group>";
		};
		F83AF2052097B72C0068A31A /* Products */ = {
			isa = PBXGroup;
			children = (
				F83AF2042097B72C0068A31A /* NewNotifications.app */,
				F83AF2182097B7310068A31A /* NewNotificationsTests.xctest */,
				F83AF2232097B7310068A31A /* NewNotificationsUITests.xctest */,
			);
			name = Products;
			sourceTree = "<group>";
		};
		F83AF2062097B72C0068A31A /* NewNotifications */ = {
			isa = PBXGroup;
			children = (
				F83AF2072097B72C0068A31A /* AppDelegate.swift */,
				F83AF2092097B72C0068A31A /* ViewController.swift */,
				F83AF20B2097B72D0068A31A /* Main.storyboard */,
				F83AF20E2097B7300068A31A /* Assets.xcassets */,
				F83AF2102097B7300068A31A /* LaunchScreen.storyboard */,
				F83AF2132097B7300068A31A /* Info.plist */,
			);
			path = NewNotifications;
			sourceTree = "<group>";
		};
		F83AF21B2097B7310068A31A /* NewNotificationsTests */ = {
			isa = PBXGroup;
			children = (
				F83AF21C2097B7310068A31A /* NewNotificationsTests.swift */,
				F83AF21E2097B7310068A31A /* Info.plist */,
			);
			path = NewNotificationsTests;
			sourceTree = "<group>";
		};
		F83AF2262097B7310068A31A /* NewNotificationsUITests */ = {
			isa = PBXGroup;
			children = (
				F83AF2272097B7310068A31A /* NewNotificationsUITests.swift */,
				F83AF2292097B7310068A31A /* Info.plist */,
			);
			path = NewNotificationsUITests;
			sourceTree = "<group>";
		};
/* End PBXGroup section */

/* Begin PBXNativeTarget section */
		F83AF2032097B72C0068A31A /* NewNotifications */ = {
			isa = PBXNativeTarget;
			buildConfigurationList = F83AF22C2097B7310068A31A /* Build configuration list for PBXNativeTarget "NewNotifications" */;
			buildPhases = (
				F83AF2002097B72C0068A31A /* Sources */,
				F83AF2012097B72C0068A31A /* Frameworks */,
				F83AF2022097B72C0068A31A /* Resources */,
			);
			buildRules = (
			);
			dependencies = (
			);
			name = NewNotifications;
			productName = NewNotifications;
			productReference = F83AF2042097B72C0068A31A /* NewNotifications.app */;
			productType = "com.apple.product-type.application";
		};
		F83AF2172097B7310068A31A /* NewNotificationsTests */ = {
			isa = PBXNativeTarget;
			buildConfigurationList = F83AF22F2097B7310068A31A /* Build configuration list for PBXNativeTarget "NewNotificationsTests" */;
			buildPhases = (
				F83AF2142097B7310068A31A /* Sources */,
				F83AF2152097B7310068A31A /* Frameworks */,
				F83AF2162097B7310068A31A /* Resources */,
			);
			buildRules = (
			);
			dependencies = (
				F83AF21A2097B7310068A31A /* PBXTargetDependency */,
			);
			name = NewNotificationsTests;
			productName = NewNotificationsTests;
			productReference = F83AF2182097B7310068A31A /* NewNotificationsTests.xctest */;
			productType = "com.apple.product-type.bundle.unit-test";
		};
		F83AF2222097B7310068A31A /* NewNotificationsUITests */ = {
			isa = PBXNativeTarget;
			buildConfigurationList = F83AF2322097B7310068A31A /* Build configuration list for PBXNativeTarget "NewNotificationsUITests" */;
			buildPhases = (
				F83AF21F2097B7310068A31A /* Sources */,
				F83AF2202097B7310068A31A /* Frameworks */,
				F83AF2212097B7310068A31A /* Resources */,
			);
			buildRules = (
			);
			dependencies = (
				F83AF2252097B7310068A31A /* PBXTargetDependency */,
			);
			name = NewNotificationsUITests;
			productName = NewNotificationsUITests;
			productReference = F83AF2232097B7310068A31A /* NewNotificationsUITests.xctest */;
			productType = "com.apple.product-type.bundle.ui-testing";
		};
/* End PBXNativeTarget section */

/* Begin PBXProject section */
		F83AF1FC2097B72C0068A31A /* Project object */ = {
			isa = PBXProject;
			attributes = {
				LastSwiftUpdateCheck = 0930;
				LastUpgradeCheck = 0930;
				ORGANIZATIONNAME = "Andrew Miller";
				TargetAttributes = {
					F83AF2032097B72C0068A31A = {
						CreatedOnToolsVersion = 9.3;
					};
					F83AF2172097B7310068A31A = {
						CreatedOnToolsVersion = 9.3;
						TestTargetID = F83AF2032097B72C0068A31A;
					};
					F83AF2222097B7310068A31A = {
						CreatedOnToolsVersion = 9.3;
						TestTargetID = F83AF2032097B72C0068A31A;
					};
				};
			};
			buildConfigurationList = F83AF1FF2097B72C0068A31A /* Build configuration list for PBXProject "NewNotifications" */;
			compatibilityVersion = "Xcode 9.3";
			developmentRegion = en;
			hasScannedForEncodings = 0;
			knownRegions = (
				en,
				Base,
			);
			mainGroup = F83AF1FB2097B72C0068A31A;
			productRefGroup = F83AF2052097B72C0068A31A /* Products */;
			projectDirPath = "";
			projectRoot = "";
			targets = (
				F83AF2032097B72C0068A31A /* NewNotifications */,
				F83AF2172097B7310068A31A /* NewNotificationsTests */,
				F83AF2222097B7310068A31A /* NewNotificationsUITests */,
			);
		};
/* End PBXProject section */

/* Begin PBXResourcesBuildPhase section */
		F83AF2022097B72C0068A31A /* Resources */ = {
			isa = PBXResourcesBuildPhase;
			buildActionMask = 2147483647;
			files = (
				F83AF2122097B7300068A31A /* LaunchScreen.storyboard in Resources */,
				F83AF20F2097B7300068A31A /* Assets.xcassets in Resources */,
				F83AF20D2097B72D0068A31A /* Main.storyboard in Resources */,
			);
			runOnlyForDeploymentPostprocessing = 0;
		};
		F83AF2162097B7310068A31A /* Resources */ = {
			isa = PBXResourcesBuildPhase;
			buildActionMask = 2147483647;
			files = (
			);
			runOnlyForDeploymentPostprocessing = 0;
		};
		F83AF2212097B7310068A31A /* Resources */ = {
			isa = PBXResourcesBuildPhase;
			buildActionMask = 2147483647;
			files = (
			);
			runOnlyForDeploymentPostprocessing = 0;
		};
/* End PBXResourcesBuildPhase section */

/* Begin PBXSourcesBuildPhase section */
		F83AF2002097B72C0068A31A /* Sources */ = {
			isa = PBXSourcesBuildPhase;
			buildActionMask = 2147483647;
			files = (
				F83AF20A2097B72C0068A31A /* ViewController.swift in Sources */,
				F83AF2082097B72C0068A31A /* AppDelegate.swift in Sources */,
			);
			runOnlyForDeploymentPostprocessing = 0;
		};
		F83AF2142097B7310068A31A /* Sources */ = {
			isa = PBXSourcesBuildPhase;
			buildActionMask = 2147483647;
			files = (
				F83AF21D2097B7310068A31A /* NewNotificationsTests.swift in Sources */,
			);
			runOnlyForDeploymentPostprocessing = 0;
		};
		F83AF21F2097B7310068A31A /* Sources */ = {
			isa = PBXSourcesBuildPhase;
			buildActionMask = 2147483647;
			files = (
				F83AF2282097B7310068A31A /* NewNotificationsUITests.swift in Sources */,
			);
			runOnlyForDeploymentPostprocessing = 0;
		};
/* End PBXSourcesBuildPhase section */

/* Begin PBXTargetDependency section */
		F83AF21A2097B7310068A31A /* PBXTargetDependency */ = {
			isa = PBXTargetDependency;
			target = F83AF2032097B72C0068A31A /* NewNotifications */;
			targetProxy = F83AF2192097B7310068A31A /* PBXContainerItemProxy */;
		};
		F83AF2252097B7310068A31A /* PBXTargetDependency */ = {
			isa = PBXTargetDependency;
			target = F83AF2032097B72C0068A31A /* NewNotifications */;
			targetProxy = F83AF2242097B7310068A31A /* PBXContainerItemProxy */;
		};
/* End PBXTargetDependency section */

/* Begin PBXVariantGroup section */
		F83AF20B2097B72D0068A31A /* Main.storyboard */ = {
			isa = PBXVariantGroup;
			children = (
				F83AF20C2097B72D0068A31A /* Base */,
			);
			name = Main.storyboard;
			sourceTree = "<group>";
		};
		F83AF2102097B7300068A31A /* LaunchScreen.storyboard */ = {
			isa = PBXVariantGroup;
			children = (
				F83AF2112097B7300068A31A /* Base */,
			);
			name = LaunchScreen.storyboard;
			sourceTree = "<group>";
		};
/* End PBXVariantGroup section */

/* Begin XCBuildConfiguration section */
		F83AF22A2097B7310068A31A /* Debug */ = {
			isa = XCBuildConfiguration;
			buildSettings = {
				ALWAYS_SEARCH_USER_PATHS = NO;
				CLANG_ANALYZER_NONNULL = YES;
				CLANG_ANALYZER_NUMBER_OBJECT_CONVERSION = YES_AGGRESSIVE;
				CLANG_CXX_LANGUAGE_STANDARD = "gnu++14";
				CLANG_CXX_LIBRARY = "libc++";
				CLANG_ENABLE_MODULES = YES;
				CLANG_ENABLE_OBJC_ARC = YES;
				CLANG_ENABLE_OBJC_WEAK = YES;
				CLANG_WARN_BLOCK_CAPTURE_AUTORELEASING = YES;
				CLANG_WARN_BOOL_CONVERSION = YES;
				CLANG_WARN_COMMA = YES;
				CLANG_WARN_CONSTANT_CONVERSION = YES;
				CLANG_WARN_DEPRECATED_OBJC_IMPLEMENTATIONS = YES;
				CLANG_WARN_DIRECT_OBJC_ISA_USAGE = YES_ERROR;
				CLANG_WARN_DOCUMENTATION_COMMENTS = YES;
				CLANG_WARN_EMPTY_BODY = YES;
				CLANG_WARN_ENUM_CONVERSION = YES;
				CLANG_WARN_INFINITE_RECURSION = YES;
				CLANG_WARN_INT_CONVERSION = YES;
				CLANG_WARN_NON_LITERAL_NULL_CONVERSION = YES;
				CLANG_WARN_OBJC_IMPLICIT_RETAIN_SELF = YES;
				CLANG_WARN_OBJC_LITERAL_CONVERSION = YES;
				CLANG_WARN_OBJC_ROOT_CLASS = YES_ERROR;
				CLANG_WARN_RANGE_LOOP_ANALYSIS = YES;
				CLANG_WARN_STRICT_PROTOTYPES = YES;
				CLANG_WARN_SUSPICIOUS_MOVE = YES;
				CLANG_WARN_UNGUARDED_AVAILABILITY = YES_AGGRESSIVE;
				CLANG_WARN_UNREACHABLE_CODE = YES;
				CLANG_WARN__DUPLICATE_METHOD_MATCH = YES;
				CODE_SIGN_IDENTITY = "iPhone Developer";
				COPY_PHASE_STRIP = NO;
				DEBUG_INFORMATION_FORMAT = dwarf;
				ENABLE_STRICT_OBJC_MSGSEND = YES;
				ENABLE_TESTABILITY = YES;
				GCC_C_LANGUAGE_STANDARD = gnu11;
				GCC_DYNAMIC_NO_PIC = NO;
				GCC_NO_COMMON_BLOCKS = YES;
				GCC_OPTIMIZATION_LEVEL = 0;
				GCC_PREPROCESSOR_DEFINITIONS = (
					"DEBUG=1",
					"$(inherited)",
				);
				GCC_WARN_64_TO_32_BIT_CONVERSION = YES;
				GCC_WARN_ABOUT_RETURN_TYPE = YES_ERROR;
				GCC_WARN_UNDECLARED_SELECTOR = YES;
				GCC_WARN_UNINITIALIZED_AUTOS = YES_AGGRESSIVE;
				GCC_WARN_UNUSED_FUNCTION = YES;
				GCC_WARN_UNUSED_VARIABLE = YES;
				IPHONEOS_DEPLOYMENT_TARGET = 11.3;
				MTL_ENABLE_DEBUG_INFO = YES;
				ONLY_ACTIVE_ARCH = YES;
				SDKROOT = iphoneos;
				SWIFT_ACTIVE_COMPILATION_CONDITIONS = DEBUG;
				SWIFT_OPTIMIZATION_LEVEL = "-Onone";
			};
			name = Debug;
		};
		F83AF22B2097B7310068A31A /* Release */ = {
			isa = XCBuildConfiguration;
			buildSettings = {
				ALWAYS_SEARCH_USER_PATHS = NO;
				CLANG_ANALYZER_NONNULL = YES;
				CLANG_ANALYZER_NUMBER_OBJECT_CONVERSION = YES_AGGRESSIVE;
				CLANG_CXX_LANGUAGE_STANDARD = "gnu++14";
				CLANG_CXX_LIBRARY = "libc++";
				CLANG_ENABLE_MODULES = YES;
				CLANG_ENABLE_OBJC_ARC = YES;
				CLANG_ENABLE_OBJC_WEAK = YES;
				CLANG_WARN_BLOCK_CAPTURE_AUTORELEASING = YES;
				CLANG_WARN_BOOL_CONVERSION = YES;
				CLANG_WARN_COMMA = YES;
				CLANG_WARN_CONSTANT_CONVERSION = YES;
				CLANG_WARN_DEPRECATED_OBJC_IMPLEMENTATIONS = YES;
				CLANG_WARN_DIRECT_OBJC_ISA_USAGE = YES_ERROR;
				CLANG_WARN_DOCUMENTATION_COMMENTS = YES;
				CLANG_WARN_EMPTY_BODY = YES;
				CLANG_WARN_ENUM_CONVERSION = YES;
				CLANG_WARN_INFINITE_RECURSION = YES;
				CLANG_WARN_INT_CONVERSION = YES;
				CLANG_WARN_NON_LITERAL_NULL_CONVERSION = YES;
				CLANG_WARN_OBJC_IMPLICIT_RETAIN_SELF = YES;
				CLANG_WARN_OBJC_LITERAL_CONVERSION = YES;
				CLANG_WARN_OBJC_ROOT_CLASS = YES_ERROR;
				CLANG_WARN_RANGE_LOOP_ANALYSIS = YES;
				CLANG_WARN_STRICT_PROTOTYPES = YES;
				CLANG_WARN_SUSPICIOUS_MOVE = YES;
				CLANG_WARN_UNGUARDED_AVAILABILITY = YES_AGGRESSIVE;
				CLANG_WARN_UNREACHABLE_CODE = YES;
				CLANG_WARN__DUPLICATE_METHOD_MATCH = YES;
				CODE_SIGN_IDENTITY = "iPhone Developer";
				COPY_PHASE_STRIP = NO;
				DEBUG_INFORMATION_FORMAT = "dwarf-with-dsym";
				ENABLE_NS_ASSERTIONS = NO;
				ENABLE_STRICT_OBJC_MSGSEND = YES;
				GCC_C_LANGUAGE_STANDARD = gnu11;
				GCC_NO_COMMON_BLOCKS = YES;
				GCC_WARN_64_TO_32_BIT_CONVERSION = YES;
				GCC_WARN_ABOUT_RETURN_TYPE = YES_ERROR;
				GCC_WARN_UNDECLARED_SELECTOR = YES;
				GCC_WARN_UNINITIALIZED_AUTOS = YES_AGGRESSIVE;
				GCC_WARN_UNUSED_FUNCTION = YES;
				GCC_WARN_UNUSED_VARIABLE = YES;
				IPHONEOS_DEPLOYMENT_TARGET = 11.3;
				MTL_ENABLE_DEBUG_INFO = NO;
				SDKROOT = iphoneos;
				SWIFT_COMPILATION_MODE = wholemodule;
				SWIFT_OPTIMIZATION_LEVEL = "-O";
				VALIDATE_PRODUCT = YES;
			};
			name = Release;
		};
		F83AF22D2097B7310068A31A /* Debug */ = {
			isa = XCBuildConfiguration;
			buildSettings = {
				ASSETCATALOG_COMPILER_APPICON_NAME = AppIcon;
				CODE_SIGN_STYLE = Automatic;
				DEVELOPMENT_TEAM = 67H43KT2PM;
				INFOPLIST_FILE = NewNotifications/Info.plist;
				LD_RUNPATH_SEARCH_PATHS = (
					"$(inherited)",
					"@executable_path/Frameworks",
				);
				PRODUCT_BUNDLE_IDENTIFIER = com.andrewmiller167.NewNotifications;
				PRODUCT_NAME = "$(TARGET_NAME)";
				SWIFT_VERSION = 4.0;
				TARGETED_DEVICE_FAMILY = "1,2";
			};
			name = Debug;
		};
		F83AF22E2097B7310068A31A /* Release */ = {
			isa = XCBuildConfiguration;
			buildSettings = {
				ASSETCATALOG_COMPILER_APPICON_NAME = AppIcon;
				CODE_SIGN_STYLE = Automatic;
				DEVELOPMENT_TEAM = 67H43KT2PM;
				INFOPLIST_FILE = NewNotifications/Info.plist;
				LD_RUNPATH_SEARCH_PATHS = (
					"$(inherited)",
					"@executable_path/Frameworks",
				);
				PRODUCT_BUNDLE_IDENTIFIER = com.andrewmiller167.NewNotifications;
				PRODUCT_NAME = "$(TARGET_NAME)";
				SWIFT_VERSION = 4.0;
				TARGETED_DEVICE_FAMILY = "1,2";
			};
			name = Release;
		};
		F83AF2302097B7310068A31A /* Debug */ = {
			isa = XCBuildConfiguration;
			buildSettings = {
				ALWAYS_EMBED_SWIFT_STANDARD_LIBRARIES = YES;
				BUNDLE_LOADER = "$(TEST_HOST)";
				CODE_SIGN_STYLE = Automatic;
				DEVELOPMENT_TEAM = 67H43KT2PM;
				INFOPLIST_FILE = NewNotificationsTests/Info.plist;
				LD_RUNPATH_SEARCH_PATHS = (
					"$(inherited)",
					"@executable_path/Frameworks",
					"@loader_path/Frameworks",
				);
				PRODUCT_BUNDLE_IDENTIFIER = com.andrewmiller167.NewNotificationsTests;
				PRODUCT_NAME = "$(TARGET_NAME)";
				SWIFT_VERSION = 4.0;
				TARGETED_DEVICE_FAMILY = "1,2";
				TEST_HOST = "$(BUILT_PRODUCTS_DIR)/NewNotifications.app/NewNotifications";
			};
			name = Debug;
		};
		F83AF2312097B7310068A31A /* Release */ = {
			isa = XCBuildConfiguration;
			buildSettings = {
				ALWAYS_EMBED_SWIFT_STANDARD_LIBRARIES = YES;
				BUNDLE_LOADER = "$(TEST_HOST)";
				CODE_SIGN_STYLE = Automatic;
				DEVELOPMENT_TEAM = 67H43KT2PM;
				INFOPLIST_FILE = NewNotificationsTests/Info.plist;
				LD_RUNPATH_SEARCH_PATHS = (
					"$(inherited)",
					"@executable_path/Frameworks",
					"@loader_path/Frameworks",
				);
				PRODUCT_BUNDLE_IDENTIFIER = com.andrewmiller167.NewNotificationsTests;
				PRODUCT_NAME = "$(TARGET_NAME)";
				SWIFT_VERSION = 4.0;
				TARGETED_DEVICE_FAMILY = "1,2";
				TEST_HOST = "$(BUILT_PRODUCTS_DIR)/NewNotifications.app/NewNotifications";
			};
			name = Release;
		};
		F83AF2332097B7310068A31A /* Debug */ = {
			isa = XCBuildConfiguration;
			buildSettings = {
				ALWAYS_EMBED_SWIFT_STANDARD_LIBRARIES = YES;
				CODE_SIGN_STYLE = Automatic;
				DEVELOPMENT_TEAM = 67H43KT2PM;
				INFOPLIST_FILE = NewNotificationsUITests/Info.plist;
				LD_RUNPATH_SEARCH_PATHS = (
					"$(inherited)",
					"@executable_path/Frameworks",
					"@loader_path/Frameworks",
				);
				PRODUCT_BUNDLE_IDENTIFIER = com.andrewmiller167.NewNotificationsUITests;
				PRODUCT_NAME = "$(TARGET_NAME)";
				SWIFT_VERSION = 4.0;
				TARGETED_DEVICE_FAMILY = "1,2";
				TEST_TARGET_NAME = NewNotifications;
			};
			name = Debug;
		};
		F83AF2342097B7310068A31A /* Release */ = {
			isa = XCBuildConfiguration;
			buildSettings = {
				ALWAYS_EMBED_SWIFT_STANDARD_LIBRARIES = YES;
				CODE_SIGN_STYLE = Automatic;
				DEVELOPMENT_TEAM = 67H43KT2PM;
				INFOPLIST_FILE = NewNotificationsUITests/Info.plist;
				LD_RUNPATH_SEARCH_PATHS = (
					"$(inherited)",
					"@executable_path/Frameworks",
					"@loader_path/Frameworks",
				);
				PRODUCT_BUNDLE_IDENTIFIER = com.andrewmiller167.NewNotificationsUITests;
				PRODUCT_NAME = "$(TARGET_NAME)";
				SWIFT_VERSION = 4.0;
				TARGETED_DEVICE_FAMILY = "1,2";
				TEST_TARGET_NAME = NewNotifications;
			};
			name = Release;
		};
/* End XCBuildConfiguration section */

/* Begin XCConfigurationList section */
		F83AF1FF2097B72C0068A31A /* Build configuration list for PBXProject "NewNotifications" */ = {
			isa = XCConfigurationList;
			buildConfigurations = (
				F83AF22A2097B7310068A31A /* Debug */,
				F83AF22B2097B7310068A31A /* Release */,
			);
			defaultConfigurationIsVisible = 0;
			defaultConfigurationName = Release;
		};
		F83AF22C2097B7310068A31A /* Build configuration list for PBXNativeTarget "NewNotifications" */ = {
			isa = XCConfigurationList;
			buildConfigurations = (
				F83AF22D2097B7310068A31A /* Debug */,
				F83AF22E2097B7310068A31A /* Release */,
			);
			defaultConfigurationIsVisible = 0;
			defaultConfigurationName = Release;
		};
		F83AF22F2097B7310068A31A /* Build configuration list for PBXNativeTarget "NewNotificationsTests" */ = {
			isa = XCConfigurationList;
			buildConfigurations = (
				F83AF2302097B7310068A31A /* Debug */,
				F83AF2312097B7310068A31A /* Release */,
			);
			defaultConfigurationIsVisible = 0;
			defaultConfigurationName = Release;
		};
		F83AF2322097B7310068A31A /* Build configuration list for PBXNativeTarget "NewNotificationsUITests" */ = {
			isa = XCConfigurationList;
			buildConfigurations = (
				F83AF2332097B7310068A31A /* Debug */,
				F83AF2342097B7310068A31A /* Release */,
			);
			defaultConfigurationIsVisible = 0;
			defaultConfigurationName = Release;
		};
/* End XCConfigurationList section */
	};
	rootObject = F83AF1FC2097B72C0068A31A /* Project object */;
}
